{
  "object": {
    "pins": [
      {
        "package": "Suite",
        "repositoryURL": "https://github.com/bengottlieb/Suite.git",
        "state": {
          "branch": null,
          "revision": "bb25deaa1789e0094a59b5fd89ba38ef38cadc0c",
          "version": "0.10.85"
        }
      }
    ]
  },
  "version": 1
}
